
Microsoft Visual Studio Solution File, Format Version 12.00
# Visual Studio 14
VisualStudioVersion = 14.0.23107.0
MinimumVisualStudioVersion = 10.0.40219.1
Project("{FAE04EC0-301F-11D3-BF4B-00C04F79EFBC}") = "WeatherStation", "WeatherStation\WeatherStation.csproj", "{79152F63-712D-4864-A633-08271CFEFD4D}"
EndProject
Project("{FAE04EC0-301F-11D3-BF4B-00C04F79EFBC}") = "Test", "ConsoleApplication1\Test.csproj", "{908BDE5C-CACE-43A3-A4EA-00500918711A}"
EndProject
Project("{2150E333-8FDC-42A3-9474-1A3956D46DE8}") = "Solution Items", "Solution Items", "{541169D7-7498-4CC7-9996-63FAEBF4EC66}"
EndProject
Project("{FAE04EC0-301F-11D3-BF4B-00C04F79EFBC}") = "TestDataBase", "TestDataBase\TestDataBase.csproj", "{BB5D4E66-E301-4482-9608-DD8A3C036A1D}"
EndProject
Project("{FAE04EC0-301F-11D3-BF4B-00C04F79EFBC}") = "TestInherence", "ConsoleApplication2\TestInherence.csproj", "{5BC24D2E-A9A6-4640-ADA2-EEE78A0DFA03}"
EndProject
Global
	GlobalSection(SolutionConfigurationPlatforms) = preSolution
		Debug|Any CPU = Debug|Any CPU
		Debug|Mixed Platforms = Debug|Mixed Platforms
		Debug|Win32 = Debug|Win32
		Release|Any CPU = Release|Any CPU
		Release|Mixed Platforms = Release|Mixed Platforms
		Release|Win32 = Release|Win32
	EndGlobalSection
	GlobalSection(ProjectConfigurationPlatforms) = postSolution
		{79152F63-712D-4864-A633-08271CFEFD4D}.Debug|Any CPU.ActiveCfg = Debug|Any CPU
		{79152F63-712D-4864-A633-08271CFEFD4D}.Debug|Any CPU.Build.0 = Debug|Any CPU
		{79152F63-712D-4864-A633-08271CFEFD4D}.Debug|Mixed Platforms.ActiveCfg = Debug|Any CPU
		{79152F63-712D-4864-A633-08271CFEFD4D}.Debug|Mixed Platforms.Build.0 = Debug|Any CPU
		{79152F63-712D-4864-A633-08271CFEFD4D}.Debug|Win32.ActiveCfg = Debug|Any CPU
		{79152F63-712D-4864-A633-08271CFEFD4D}.Release|Any CPU.ActiveCfg = Release|Any CPU
		{79152F63-712D-4864-A633-08271CFEFD4D}.Release|Any CPU.Build.0 = Release|Any CPU
		{79152F63-712D-4864-A633-08271CFEFD4D}.Release|Mixed Platforms.ActiveCfg = Release|Any CPU
		{79152F63-712D-4864-A633-08271CFEFD4D}.Release|Mixed Platforms.Build.0 = Release|Any CPU
		{79152F63-712D-4864-A633-08271CFEFD4D}.Release|Win32.ActiveCfg = Release|Any CPU
		{908BDE5C-CACE-43A3-A4EA-00500918711A}.Debug|Any CPU.ActiveCfg = Debug|Any CPU
		{908BDE5C-CACE-43A3-A4EA-00500918711A}.Debug|Any CPU.Build.0 = Debug|Any CPU
		{908BDE5C-CACE-43A3-A4EA-00500918711A}.Debug|Mixed Platforms.ActiveCfg = Debug|Any CPU
		{908BDE5C-CACE-43A3-A4EA-00500918711A}.Debug|Mixed Platforms.Build.0 = Debug|Any CPU
		{908BDE5C-CACE-43A3-A4EA-00500918711A}.Debug|Win32.ActiveCfg = Debug|Any CPU
		{908BDE5C-CACE-43A3-A4EA-00500918711A}.Release|Any CPU.ActiveCfg = Release|Any CPU
		{908BDE5C-CACE-43A3-A4EA-00500918711A}.Release|Any CPU.Build.0 = Release|Any CPU
		{908BDE5C-CACE-43A3-A4EA-00500918711A}.Release|Mixed Platforms.ActiveCfg = Release|Any CPU
		{908BDE5C-CACE-43A3-A4EA-00500918711A}.Release|Mixed Platforms.Build.0 = Release|Any CPU
		{908BDE5C-CACE-43A3-A4EA-00500918711A}.Release|Win32.ActiveCfg = Release|Any CPU
		{BB5D4E66-E301-4482-9608-DD8A3C036A1D}.Debug|Any CPU.ActiveCfg = Debug|Any CPU
		{BB5D4E66-E301-4482-9608-DD8A3C036A1D}.Debug|Any CPU.Build.0 = Debug|Any CPU
		{BB5D4E66-E301-4482-9608-DD8A3C036A1D}.Debug|Mixed Platforms.ActiveCfg = Debug|Any CPU
		{BB5D4E66-E301-4482-9608-DD8A3C036A1D}.Debug|Mixed Platforms.Build.0 = Debug|Any CPU
		{BB5D4E66-E301-4482-9608-DD8A3C036A1D}.Debug|Win32.ActiveCfg = Debug|Any CPU
		{BB5D4E66-E301-4482-9608-DD8A3C036A1D}.Debug|Win32.Build.0 = Debug|Any CPU
		{BB5D4E66-E301-4482-9608-DD8A3C036A1D}.Release|Any CPU.ActiveCfg = Release|Any CPU
		{BB5D4E66-E301-4482-9608-DD8A3C036A1D}.Release|Any CPU.Build.0 = Release|Any CPU
		{BB5D4E66-E301-4482-9608-DD8A3C036A1D}.Release|Mixed Platforms.ActiveCfg = Release|Any CPU
		{BB5D4E66-E301-4482-9608-DD8A3C036A1D}.Release|Mixed Platforms.Build.0 = Release|Any CPU
		{BB5D4E66-E301-4482-9608-DD8A3C036A1D}.Release|Win32.ActiveCfg = Release|Any CPU
		{BB5D4E66-E301-4482-9608-DD8A3C036A1D}.Release|Win32.Build.0 = Release|Any CPU
		{5BC24D2E-A9A6-4640-ADA2-EEE78A0DFA03}.Debug|Any CPU.ActiveCfg = Debug|Any CPU
		{5BC24D2E-A9A6-4640-ADA2-EEE78A0DFA03}.Debug|Any CPU.Build.0 = Debug|Any CPU
		{5BC24D2E-A9A6-4640-ADA2-EEE78A0DFA03}.Debug|Mixed Platforms.ActiveCfg = Debug|Any CPU
		{5BC24D2E-A9A6-4640-ADA2-EEE78A0DFA03}.Debug|Mixed Platforms.Build.0 = Debug|Any CPU
		{5BC24D2E-A9A6-4640-ADA2-EEE78A0DFA03}.Debug|Win32.ActiveCfg = Debug|Any CPU
		{5BC24D2E-A9A6-4640-ADA2-EEE78A0DFA03}.Debug|Win32.Build.0 = Debug|Any CPU
		{5BC24D2E-A9A6-4640-ADA2-EEE78A0DFA03}.Release|Any CPU.ActiveCfg = Release|Any CPU
		{5BC24D2E-A9A6-4640-ADA2-EEE78A0DFA03}.Release|Any CPU.Build.0 = Release|Any CPU
		{5BC24D2E-A9A6-4640-ADA2-EEE78A0DFA03}.Release|Mixed Platforms.ActiveCfg = Release|Any CPU
		{5BC24D2E-A9A6-4640-ADA2-EEE78A0DFA03}.Release|Mixed Platforms.Build.0 = Release|Any CPU
		{5BC24D2E-A9A6-4640-ADA2-EEE78A0DFA03}.Release|Win32.ActiveCfg = Release|Any CPU
		{5BC24D2E-A9A6-4640-ADA2-EEE78A0DFA03}.Release|Win32.Build.0 = Release|Any CPU
	EndGlobalSection
	GlobalSection(SolutionProperties) = preSolution
		HideSolutionNode = FALSE
	EndGlobalSection
EndGlobal
